
Microsoft Visual Studio Solution File, Format Version 12.00
# Visual Studio Version 17
VisualStudioVersion = 17.8.34511.84
MinimumVisualStudioVersion = 10.0.40219.1
Project("{FAE04EC0-301F-11D3-BF4B-00C04F79EFBC}") = "BookTests", "BookTests.csproj", "{593641D1-DE75-4823-9113-7F40CBFD6ED5}"
EndProject
Global
	GlobalSection(SolutionConfigurationPlatforms) = preSolution
		Debug|Any CPU = Debug|Any CPU
		Release|Any CPU = Release|Any CPU
	EndGlobalSection
	GlobalSection(ProjectConfigurationPlatforms) = postSolution
		{593641D1-DE75-4823-9113-7F40CBFD6ED5}.Debug|Any CPU.ActiveCfg = Debug|Any CPU
		{593641D1-DE75-4823-9113-7F40CBFD6ED5}.Debug|Any CPU.Build.0 = Debug|Any CPU
		{593641D1-DE75-4823-9113-7F40CBFD6ED5}.Release|Any CPU.ActiveCfg = Release|Any CPU
		{593641D1-DE75-4823-9113-7F40CBFD6ED5}.Release|Any CPU.Build.0 = Release|Any CPU
	EndGlobalSection
	GlobalSection(SolutionProperties) = preSolution
		HideSolutionNode = FALSE
	EndGlobalSection
	GlobalSection(ExtensibilityGlobals) = postSolution
		SolutionGuid = {979F0344-9B17-4A2C-9CAF-14DA093557CA}
	EndGlobalSection
EndGlobal
